
Microsoft Visual Studio Solution File, Format Version 12.00
# Visual Studio Version 16
VisualStudioVersion = 16.0.32901.82
MinimumVisualStudioVersion = 10.0.40219.1
Project("{9A19103F-16F7-4668-BE54-9A1E7A4F7556}") = "TIDDecoder", "TIDDecoder\TIDDecoder.csproj", "{134892FC-E682-4B78-A97F-B8EE2F7D63B5}"
EndProject
Global
	GlobalSection(SolutionConfigurationPlatforms) = preSolution
		Debug|Any CPU = Debug|Any CPU
		Release|Any CPU = Release|Any CPU
	EndGlobalSection
	GlobalSection(ProjectConfigurationPlatforms) = postSolution
		{134892FC-E682-4B78-A97F-B8EE2F7D63B5}.Debug|Any CPU.ActiveCfg = Debug|Any CPU
		{134892FC-E682-4B78-A97F-B8EE2F7D63B5}.Debug|Any CPU.Build.0 = Debug|Any CPU
		{134892FC-E682-4B78-A97F-B8EE2F7D63B5}.Release|Any CPU.ActiveCfg = Release|Any CPU
		{134892FC-E682-4B78-A97F-B8EE2F7D63B5}.Release|Any CPU.Build.0 = Release|Any CPU
	EndGlobalSection
	GlobalSection(SolutionProperties) = preSolution
		HideSolutionNode = FALSE
	EndGlobalSection
	GlobalSection(ExtensibilityGlobals) = postSolution
		SolutionGuid = {05559BC5-BB00-4210-9E96-5BD0A3DC0469}
	EndGlobalSection
EndGlobal
